PODS:
  - AgillitasClient (1.0.0):
    - Alamofire (~> 4.0)
  - Alamofire (4.5.0)

DEPENDENCIES:
  - AgillitasClient

SPEC CHECKSUMS:
  AgillitasClient: 48c7cacdc1b5b2c3fcc52a8620c7079840488c40
  Alamofire: f28cdffd29de33a7bfa022cbd63ae95a27fae140

PODFILE CHECKSUM: 73b54fbcdb2130b7e32143493cf982ae40f957cd

COCOAPODS: 1.2.1
